
Microsoft Visual Studio Solution File, Format Version 12.00
# Visual Studio 2013
VisualStudioVersion = 12.0.31101.0
MinimumVisualStudioVersion = 10.0.40219.1
Project("{FAE04EC0-301F-11D3-BF4B-00C04F79EFBC}") = "eCommerce.Contract", "eCommerce.Contract\eCommerce.Contract.csproj", "{96147018-62FD-47EA-8589-9E46C51EED27}"
EndProject
Project("{FAE04EC0-301F-11D3-BF4B-00C04F79EFBC}") = "eCommerce.Model", "eCommerce.Model\eCommerce.Model.csproj", "{EAF69A88-A042-4F6A-A613-215E573B257E}"
EndProject
Project("{FAE04EC0-301F-11D3-BF4B-00C04F79EFBC}") = "eCommerce.DAL", "eCommerce.DAL\eCommerce.DAL.csproj", "{D5487838-A0DF-4CD6-8BC5-F65E08E7A5F3}"
EndProject
Project("{FAE04EC0-301F-11D3-BF4B-00C04F79EFBC}") = "eCommerce.WebUI", "eCommerce.WebUI\eCommerce.WebUI.csproj", "{4FA68043-93A3-410D-B0A4-F4E216E2669A}"
EndProject
Global
	GlobalSection(SolutionConfigurationPlatforms) = preSolution
		Debug|Any CPU = Debug|Any CPU
		Release|Any CPU = Release|Any CPU
	EndGlobalSection
	GlobalSection(ProjectConfigurationPlatforms) = postSolution
		{96147018-62FD-47EA-8589-9E46C51EED27}.Debug|Any CPU.ActiveCfg = Debug|Any CPU
		{96147018-62FD-47EA-8589-9E46C51EED27}.Debug|Any CPU.Build.0 = Debug|Any CPU
		{96147018-62FD-47EA-8589-9E46C51EED27}.Release|Any CPU.ActiveCfg = Release|Any CPU
		{96147018-62FD-47EA-8589-9E46C51EED27}.Release|Any CPU.Build.0 = Release|Any CPU
		{EAF69A88-A042-4F6A-A613-215E573B257E}.Debug|Any CPU.ActiveCfg = Debug|Any CPU
		{EAF69A88-A042-4F6A-A613-215E573B257E}.Debug|Any CPU.Build.0 = Debug|Any CPU
		{EAF69A88-A042-4F6A-A613-215E573B257E}.Release|Any CPU.ActiveCfg = Release|Any CPU
		{EAF69A88-A042-4F6A-A613-215E573B257E}.Release|Any CPU.Build.0 = Release|Any CPU
		{D5487838-A0DF-4CD6-8BC5-F65E08E7A5F3}.Debug|Any CPU.ActiveCfg = Debug|Any CPU
		{D5487838-A0DF-4CD6-8BC5-F65E08E7A5F3}.Debug|Any CPU.Build.0 = Debug|Any CPU
		{D5487838-A0DF-4CD6-8BC5-F65E08E7A5F3}.Release|Any CPU.ActiveCfg = Release|Any CPU
		{D5487838-A0DF-4CD6-8BC5-F65E08E7A5F3}.Release|Any CPU.Build.0 = Release|Any CPU
		{4FA68043-93A3-410D-B0A4-F4E216E2669A}.Debug|Any CPU.ActiveCfg = Debug|Any CPU
		{4FA68043-93A3-410D-B0A4-F4E216E2669A}.Debug|Any CPU.Build.0 = Debug|Any CPU
		{4FA68043-93A3-410D-B0A4-F4E216E2669A}.Release|Any CPU.ActiveCfg = Release|Any CPU
		{4FA68043-93A3-410D-B0A4-F4E216E2669A}.Release|Any CPU.Build.0 = Release|Any CPU
	EndGlobalSection
	GlobalSection(SolutionProperties) = preSolution
		HideSolutionNode = FALSE
	EndGlobalSection
EndGlobal
